// !$*UTF8*$!
{
	archiveVersion = 1;
	classes = {
	};
	objectVersion = 46;
	objects = {

/* Begin PBXBuildFile section */
		144A4C4D17B220BB00FEF913 /* UIKit.framework in Frameworks */ = {isa = PBXBuildFile; fileRef = 144A4C4C17B220BB00FEF913 /* UIKit.framework */; };
		144A4C4F17B220BB00FEF913 /* Foundation.framework in Frameworks */ = {isa = PBXBuildFile; fileRef = 144A4C4E17B220BB00FEF913 /* Foundation.framework */; };
		144A4C5117B220BB00FEF913 /* CoreGraphics.framework in Frameworks */ = {isa = PBXBuildFile; fileRef = 144A4C5017B220BB00FEF913 /* CoreGraphics.framework */; };
		144A4C5717B220BB00FEF913 /* InfoPlist.strings in Resources */ = {isa = PBXBuildFile; fileRef = 144A4C5517B220BB00FEF913 /* InfoPlist.strings */; };
		144A4C5917B220BB00FEF913 /* main.m in Sources */ = {isa = PBXBuildFile; fileRef = 144A4C5817B220BB00FEF913 /* main.m */; };
		144A4C5D17B220BB00FEF913 /* AppDelegate.m in Sources */ = {isa = PBXBuildFile; fileRef = 144A4C5C17B220BB00FEF913 /* AppDelegate.m */; };
		144A4C5F17B220BB00FEF913 /* Default.png in Resources */ = {isa = PBXBuildFile; fileRef = 144A4C5E17B220BB00FEF913 /* Default.png */; };
		144A4C6117B220BB00FEF913 /* Default@2x.png in Resources */ = {isa = PBXBuildFile; fileRef = 144A4C6017B220BB00FEF913 /* Default@2x.png */; };
		144A4C6317B220BB00FEF913 /* Default-568h@2x.png in Resources */ = {isa = PBXBuildFile; fileRef = 144A4C6217B220BB00FEF913 /* Default-568h@2x.png */; };
		144A4C6617B220BB00FEF913 /* ViewController.m in Sources */ = {isa = PBXBuildFile; fileRef = 144A4C6517B220BB00FEF913 /* ViewController.m */; };
		144A4C6917B220BB00FEF913 /* ViewController.xib in Resources */ = {isa = PBXBuildFile; fileRef = 144A4C6717B220BB00FEF913 /* ViewController.xib */; };
		144A4C7217B220E100FEF913 /* GDataXMLNode.m in Sources */ = {isa = PBXBuildFile; fileRef = 144A4C7117B220E100FEF913 /* GDataXMLNode.m */; };
		144A4C7617B2351E00FEF913 /* MyAnnotation.m in Sources */ = {isa = PBXBuildFile; fileRef = 144A4C7517B2351E00FEF913 /* MyAnnotation.m */; };
		144A4C7917B23A4100FEF913 /* MapKit.framework in Frameworks */ = {isa = PBXBuildFile; fileRef = 144A4C7717B23A3400FEF913 /* MapKit.framework */; };
/* End PBXBuildFile section */

/* Begin PBXFileReference section */
		144A4C4917B220BB00FEF913 /* XMLFetch.app */ = {isa = PBXFileReference; explicitFileType = wrapper.application; includeInIndex = 0; path = XMLFetch.app; sourceTree = BUILT_PRODUCTS_DIR; };
		144A4C4C17B220BB00FEF913 /* UIKit.framework */ = {isa = PBXFileReference; lastKnownFileType = wrapper.framework; name = UIKit.framework; path = System/Library/Frameworks/UIKit.framework; sourceTree = SDKROOT; };
		144A4C4E17B220BB00FEF913 /* Foundation.framework */ = {isa = PBXFileReference; lastKnownFileType = wrapper.framework; name = Foundation.framework; path = System/Library/Frameworks/Foundation.framework; sourceTree = SDKROOT; };
		144A4C5017B220BB00FEF913 /* CoreGraphics.framework */ = {isa = PBXFileReference; lastKnownFileType = wrapper.framework; name = CoreGraphics.framework; path = System/Library/Frameworks/CoreGraphics.framework; sourceTree = SDKROOT; };
		144A4C5417B220BB00FEF913 /* XMLFetch-Info.plist */ = {isa = PBXFileReference; lastKnownFileType = text.plist.xml; path = "XMLFetch-Info.plist"; sourceTree = "<group>"; };
		144A4C5617B220BB00FEF913 /* en */ = {isa = PBXFileReference; lastKnownFileType = text.plist.strings; name = en; path = en.lproj/InfoPlist.strings; sourceTree = "<group>"; };
		144A4C5817B220BB00FEF913 /* main.m */ = {isa = PBXFileReference; lastKnownFileType = sourcecode.c.objc; path = main.m; sourceTree = "<group>"; };
		144A4C5A17B220BB00FEF913 /* XMLFetch-Prefix.pch */ = {isa = PBXFileReference; lastKnownFileType = sourcecode.c.h; path = "XMLFetch-Prefix.pch"; sourceTree = "<group>"; };
		144A4C5B17B220BB00FEF913 /* AppDelegate.h */ = {isa = PBXFileReference; lastKnownFileType = sourcecode.c.h; path = AppDelegate.h; sourceTree = "<group>"; };
		144A4C5C17B220BB00FEF913 /* AppDelegate.m */ = {isa = PBXFileReference; lastKnownFileType = sourcecode.c.objc; path = AppDelegate.m; sourceTree = "<group>"; };
		144A4C5E17B220BB00FEF913 /* Default.png */ = {isa = PBXFileReference; lastKnownFileType = image.png; path = Default.png; sourceTree = "<group>"; };
		144A4C6017B220BB00FEF913 /* Default@2x.png */ = {isa = PBXFileReference; lastKnownFileType = image.png; path = "Default@2x.png"; sourceTree = "<group>"; };
		144A4C6217B220BB00FEF913 /* Default-568h@2x.png */ = {isa = PBXFileReference; lastKnownFileType = image.png; path = "Default-568h@2x.png"; sourceTree = "<group>"; };
		144A4C6417B220BB00FEF913 /* ViewController.h */ = {isa = PBXFileReference; lastKnownFileType = sourcecode.c.h; path = ViewController.h; sourceTree = "<group>"; };
		144A4C6517B220BB00FEF913 /* ViewController.m */ = {isa = PBXFileReference; lastKnownFileType = sourcecode.c.objc; path = ViewController.m; sourceTree = "<group>"; };
		144A4C6817B220BB00FEF913 /* en */ = {isa = PBXFileReference; lastKnownFileType = file.xib; name = en; path = en.lproj/ViewController.xib; sourceTree = "<group>"; };
		144A4C7017B220E100FEF913 /* GDataXMLNode.h */ = {isa = PBXFileReference; fileEncoding = 4; lastKnownFileType = sourcecode.c.h; path = GDataXMLNode.h; sourceTree = "<group>"; };
		144A4C7117B220E100FEF913 /* GDataXMLNode.m */ = {isa = PBXFileReference; fileEncoding = 4; lastKnownFileType = sourcecode.c.objc; path = GDataXMLNode.m; sourceTree = "<group>"; };
		144A4C7417B2351E00FEF913 /* MyAnnotation.h */ = {isa = PBXFileReference; fileEncoding = 4; lastKnownFileType = sourcecode.c.h; path = MyAnnotation.h; sourceTree = "<group>"; };
		144A4C7517B2351E00FEF913 /* MyAnnotation.m */ = {isa = PBXFileReference; fileEncoding = 4; lastKnownFileType = sourcecode.c.objc; path = MyAnnotation.m; sourceTree = "<group>"; };
		144A4C7717B23A3400FEF913 /* MapKit.framework */ = {isa = PBXFileReference; lastKnownFileType = wrapper.framework; name = MapKit.framework; path = System/Library/Frameworks/MapKit.framework; sourceTree = SDKROOT; };
/* End PBXFileReference section */

/* Begin PBXFrameworksBuildPhase section */
		144A4C4617B220BB00FEF913 /* Frameworks */ = {
			isa = PBXFrameworksBuildPhase;
			buildActionMask = 2147483647;
			files = (
				144A4C7917B23A4100FEF913 /* MapKit.framework in Frameworks */,
				144A4C4D17B220BB00FEF913 /* UIKit.framework in Frameworks */,
				144A4C4F17B220BB00FEF913 /* Foundation.framework in Frameworks */,
				144A4C5117B220BB00FEF913 /* CoreGraphics.framework in Frameworks */,
			);
			runOnlyForDeploymentPostprocessing = 0;
		};
/* End PBXFrameworksBuildPhase section */

/* Begin PBXGroup section */
		144A4C4017B220BB00FEF913 = {
			isa = PBXGroup;
			children = (
				144A4C5217B220BB00FEF913 /* XMLFetch */,
				144A4C4B17B220BB00FEF913 /* Frameworks */,
				144A4C4A17B220BB00FEF913 /* Products */,
			);
			sourceTree = "<group>";
		};
		144A4C4A17B220BB00FEF913 /* Products */ = {
			isa = PBXGroup;
			children = (
				144A4C4917B220BB00FEF913 /* XMLFetch.app */,
			);
			name = Products;
			sourceTree = "<group>";
		};
		144A4C4B17B220BB00FEF913 /* Frameworks */ = {
			isa = PBXGroup;
			children = (
				144A4C7717B23A3400FEF913 /* MapKit.framework */,
				144A4C4C17B220BB00FEF913 /* UIKit.framework */,
				144A4C4E17B220BB00FEF913 /* Foundation.framework */,
				144A4C5017B220BB00FEF913 /* CoreGraphics.framework */,
			);
			name = Frameworks;
			sourceTree = "<group>";
		};
		144A4C5217B220BB00FEF913 /* XMLFetch */ = {
			isa = PBXGroup;
			children = (
				144A4C7317B2351E00FEF913 /* MapAnnotation */,
				144A4C6F17B220E100FEF913 /* GDataXML */,
				144A4C5B17B220BB00FEF913 /* AppDelegate.h */,
				144A4C5C17B220BB00FEF913 /* AppDelegate.m */,
				144A4C6417B220BB00FEF913 /* ViewController.h */,
				144A4C6517B220BB00FEF913 /* ViewController.m */,
				144A4C6717B220BB00FEF913 /* ViewController.xib */,
				144A4C5317B220BB00FEF913 /* Supporting Files */,
			);
			path = XMLFetch;
			sourceTree = "<group>";
		};
		144A4C5317B220BB00FEF913 /* Supporting Files */ = {
			isa = PBXGroup;
			children = (
				144A4C5417B220BB00FEF913 /* XMLFetch-Info.plist */,
				144A4C5517B220BB00FEF913 /* InfoPlist.strings */,
				144A4C5817B220BB00FEF913 /* main.m */,
				144A4C5A17B220BB00FEF913 /* XMLFetch-Prefix.pch */,
				144A4C5E17B220BB00FEF913 /* Default.png */,
				144A4C6017B220BB00FEF913 /* Default@2x.png */,
				144A4C6217B220BB00FEF913 /* Default-568h@2x.png */,
			);
			name = "Supporting Files";
			sourceTree = "<group>";
		};
		144A4C6F17B220E100FEF913 /* GDataXML */ = {
			isa = PBXGroup;
			children = (
				144A4C7017B220E100FEF913 /* GDataXMLNode.h */,
				144A4C7117B220E100FEF913 /* GDataXMLNode.m */,
			);
			path = GDataXML;
			sourceTree = "<group>";
		};
		144A4C7317B2351E00FEF913 /* MapAnnotation */ = {
			isa = PBXGroup;
			children = (
				144A4C7417B2351E00FEF913 /* MyAnnotation.h */,
				144A4C7517B2351E00FEF913 /* MyAnnotation.m */,
			);
			path = MapAnnotation;
			sourceTree = "<group>";
		};
/* End PBXGroup section */

/* Begin PBXNativeTarget section */
		144A4C4817B220BB00FEF913 /* XMLFetch */ = {
			isa = PBXNativeTarget;
			buildConfigurationList = 144A4C6C17B220BB00FEF913 /* Build configuration list for PBXNativeTarget "XMLFetch" */;
			buildPhases = (
				144A4C4517B220BB00FEF913 /* Sources */,
				144A4C4617B220BB00FEF913 /* Frameworks */,
				144A4C4717B220BB00FEF913 /* Resources */,
			);
			buildRules = (
			);
			dependencies = (
			);
			name = XMLFetch;
			productName = XMLFetch;
			productReference = 144A4C4917B220BB00FEF913 /* XMLFetch.app */;
			productType = "com.apple.product-type.application";
		};
/* End PBXNativeTarget section */

/* Begin PBXProject section */
		144A4C4117B220BB00FEF913 /* Project object */ = {
			isa = PBXProject;
			attributes = {
				LastUpgradeCheck = 0460;
				ORGANIZATIONNAME = 247;
			};
			buildConfigurationList = 144A4C4417B220BB00FEF913 /* Build configuration list for PBXProject "XMLFetch" */;
			compatibilityVersion = "Xcode 3.2";
			developmentRegion = English;
			hasScannedForEncodings = 0;
			knownRegions = (
				en,
			);
			mainGroup = 144A4C4017B220BB00FEF913;
			productRefGroup = 144A4C4A17B220BB00FEF913 /* Products */;
			projectDirPath = "";
			projectRoot = "";
			targets = (
				144A4C4817B220BB00FEF913 /* XMLFetch */,
			);
		};
/* End PBXProject section */

/* Begin PBXResourcesBuildPhase section */
		144A4C4717B220BB00FEF913 /* Resources */ = {
			isa = PBXResourcesBuildPhase;
			buildActionMask = 2147483647;
			files = (
				144A4C5717B220BB00FEF913 /* InfoPlist.strings in Resources */,
				144A4C5F17B220BB00FEF913 /* Default.png in Resources */,
				144A4C6117B220BB00FEF913 /* Default@2x.png in Resources */,
				144A4C6317B220BB00FEF913 /* Default-568h@2x.png in Resources */,
				144A4C6917B220BB00FEF913 /* ViewController.xib in Resources */,
			);
			runOnlyForDeploymentPostprocessing = 0;
		};
/* End PBXResourcesBuildPhase section */

/* Begin PBXSourcesBuildPhase section */
		144A4C4517B220BB00FEF913 /* Sources */ = {
			isa = PBXSourcesBuildPhase;
			buildActionMask = 2147483647;
			files = (
				144A4C5917B220BB00FEF913 /* main.m in Sources */,
				144A4C5D17B220BB00FEF913 /* AppDelegate.m in Sources */,
				144A4C6617B220BB00FEF913 /* ViewController.m in Sources */,
				144A4C7217B220E100FEF913 /* GDataXMLNode.m in Sources */,
				144A4C7617B2351E00FEF913 /* MyAnnotation.m in Sources */,
			);
			runOnlyForDeploymentPostprocessing = 0;
		};
/* End PBXSourcesBuildPhase section */

/* Begin PBXVariantGroup section */
		144A4C5517B220BB00FEF913 /* InfoPlist.strings */ = {
			isa = PBXVariantGroup;
			children = (
				144A4C5617B220BB00FEF913 /* en */,
			);
			name = InfoPlist.strings;
			sourceTree = "<group>";
		};
		144A4C6717B220BB00FEF913 /* ViewController.xib */ = {
			isa = PBXVariantGroup;
			children = (
				144A4C6817B220BB00FEF913 /* en */,
			);
			name = ViewController.xib;
			sourceTree = "<group>";
		};
/* End PBXVariantGroup section */

/* Begin XCBuildConfiguration section */
		144A4C6A17B220BB00FEF913 /* Debug */ = {
			isa = XCBuildConfiguration;
			buildSettings = {
				ALWAYS_SEARCH_USER_PATHS = NO;
				CLANG_CXX_LANGUAGE_STANDARD = "gnu++0x";
				CLANG_CXX_LIBRARY = "libc++";
				CLANG_WARN_CONSTANT_CONVERSION = YES;
				CLANG_WARN_EMPTY_BODY = YES;
				CLANG_WARN_ENUM_CONVERSION = YES;
				CLANG_WARN_INT_CONVERSION = YES;
				CLANG_WARN__DUPLICATE_METHOD_MATCH = YES;
				"CODE_SIGN_IDENTITY[sdk=iphoneos*]" = "iPhone Developer";
				COPY_PHASE_STRIP = NO;
				GCC_C_LANGUAGE_STANDARD = gnu99;
				GCC_DYNAMIC_NO_PIC = NO;
				GCC_OPTIMIZATION_LEVEL = 0;
				GCC_PREPROCESSOR_DEFINITIONS = (
					"DEBUG=1",
					"$(inherited)",
				);
				GCC_SYMBOLS_PRIVATE_EXTERN = NO;
				GCC_WARN_ABOUT_RETURN_TYPE = YES;
				GCC_WARN_UNINITIALIZED_AUTOS = YES;
				GCC_WARN_UNUSED_VARIABLE = YES;
				IPHONEOS_DEPLOYMENT_TARGET = 6.1;
				ONLY_ACTIVE_ARCH = YES;
				SDKROOT = iphoneos;
			};
			name = Debug;
		};
		144A4C6B17B220BB00FEF913 /* Release */ = {
			isa = XCBuildConfiguration;
			buildSettings = {
				ALWAYS_SEARCH_USER_PATHS = NO;
				CLANG_CXX_LANGUAGE_STANDARD = "gnu++0x";
				CLANG_CXX_LIBRARY = "libc++";
				CLANG_WARN_CONSTANT_CONVERSION = YES;
				CLANG_WARN_EMPTY_BODY = YES;
				CLANG_WARN_ENUM_CONVERSION = YES;
				CLANG_WARN_INT_CONVERSION = YES;
				CLANG_WARN__DUPLICATE_METHOD_MATCH = YES;
				"CODE_SIGN_IDENTITY[sdk=iphoneos*]" = "iPhone Developer";
				COPY_PHASE_STRIP = YES;
				GCC_C_LANGUAGE_STANDARD = gnu99;
				GCC_WARN_ABOUT_RETURN_TYPE = YES;
				GCC_WARN_UNINITIALIZED_AUTOS = YES;
				GCC_WARN_UNUSED_VARIABLE = YES;
				IPHONEOS_DEPLOYMENT_TARGET = 6.1;
				OTHER_CFLAGS = "-DNS_BLOCK_ASSERTIONS=1";
				SDKROOT = iphoneos;
				VALIDATE_PRODUCT = YES;
			};
			name = Release;
		};
		144A4C6D17B220BB00FEF913 /* Debug */ = {
			isa = XCBuildConfiguration;
			buildSettings = {
				GCC_PRECOMPILE_PREFIX_HEADER = YES;
				GCC_PREFIX_HEADER = "XMLFetch/XMLFetch-Prefix.pch";
				HEADER_SEARCH_PATHS = /usr/include/libxml2;
				INFOPLIST_FILE = "XMLFetch/XMLFetch-Info.plist";
				OTHER_LDFLAGS = "-lxml2";
				PRODUCT_NAME = "$(TARGET_NAME)";
				WRAPPER_EXTENSION = app;
			};
			name = Debug;
		};
		144A4C6E17B220BB00FEF913 /* Release */ = {
			isa = XCBuildConfiguration;
			buildSettings = {
				GCC_PRECOMPILE_PREFIX_HEADER = YES;
				GCC_PREFIX_HEADER = "XMLFetch/XMLFetch-Prefix.pch";
				HEADER_SEARCH_PATHS = /usr/include/libxml2;
				INFOPLIST_FILE = "XMLFetch/XMLFetch-Info.plist";
				OTHER_LDFLAGS = "-lxml2";
				PRODUCT_NAME = "$(TARGET_NAME)";
				WRAPPER_EXTENSION = app;
			};
			name = Release;
		};
/* End XCBuildConfiguration section */

/* Begin XCConfigurationList section */
		144A4C4417B220BB00FEF913 /* Build configuration list for PBXProject "XMLFetch" */ = {
			isa = XCConfigurationList;
			buildConfigurations = (
				144A4C6A17B220BB00FEF913 /* Debug */,
				144A4C6B17B220BB00FEF913 /* Release */,
			);
			defaultConfigurationIsVisible = 0;
			defaultConfigurationName = Release;
		};
		144A4C6C17B220BB00FEF913 /* Build configuration list for PBXNativeTarget "XMLFetch" */ = {
			isa = XCConfigurationList;
			buildConfigurations = (
				144A4C6D17B220BB00FEF913 /* Debug */,
				144A4C6E17B220BB00FEF913 /* Release */,
			);
			defaultConfigurationIsVisible = 0;
		};
/* End XCConfigurationList section */
	};
	rootObject = 144A4C4117B220BB00FEF913 /* Project object */;
}
